
Microsoft Visual Studio Solution File, Format Version 12.00
# Visual Studio Version 17
VisualStudioVersion = 17.5.33424.131
MinimumVisualStudioVersion = 10.0.40219.1
Project("{9A19103F-16F7-4668-BE54-9A1E7A4F7556}") = "HamsterIoHTests", "HamsterIoHTests.csproj", "{2C6348F1-43F5-4B46-B34F-D821710C2FF4}"
EndProject
Project("{FAE04EC0-301F-11D3-BF4B-00C04F79EFBC}") = "TestServer", "..\TestServer\TestServer.csproj", "{3E5AE575-5990-4DF0-8D79-FAA3870A3B1E}"
EndProject
Global
	GlobalSection(SolutionConfigurationPlatforms) = preSolution
		Debug|Any CPU = Debug|Any CPU
		Release|Any CPU = Release|Any CPU
	EndGlobalSection
	GlobalSection(ProjectConfigurationPlatforms) = postSolution
		{2C6348F1-43F5-4B46-B34F-D821710C2FF4}.Debug|Any CPU.ActiveCfg = Debug|Any CPU
		{2C6348F1-43F5-4B46-B34F-D821710C2FF4}.Debug|Any CPU.Build.0 = Debug|Any CPU
		{2C6348F1-43F5-4B46-B34F-D821710C2FF4}.Release|Any CPU.ActiveCfg = Release|Any CPU
		{2C6348F1-43F5-4B46-B34F-D821710C2FF4}.Release|Any CPU.Build.0 = Release|Any CPU
		{3E5AE575-5990-4DF0-8D79-FAA3870A3B1E}.Debug|Any CPU.ActiveCfg = Debug|Any CPU
		{3E5AE575-5990-4DF0-8D79-FAA3870A3B1E}.Debug|Any CPU.Build.0 = Debug|Any CPU
		{3E5AE575-5990-4DF0-8D79-FAA3870A3B1E}.Release|Any CPU.ActiveCfg = Release|Any CPU
		{3E5AE575-5990-4DF0-8D79-FAA3870A3B1E}.Release|Any CPU.Build.0 = Release|Any CPU
	EndGlobalSection
	GlobalSection(SolutionProperties) = preSolution
		HideSolutionNode = FALSE
	EndGlobalSection
	GlobalSection(ExtensibilityGlobals) = postSolution
		SolutionGuid = {4176763E-E173-4F89-80C8-6C8B3CFF113D}
	EndGlobalSection
EndGlobal
